{
  "object": {
    "pins": [
      {
        "package": "Hebcal",
        "repositoryURL": "https://github.com/hebcal/hebcal-swift.git",
        "state": {
          "branch": "main",
          "revision": "fc80f4c2e0d40d6230ce45d148dfde28fbc1ee39",
          "version": null
        }
      }
    ]
  },
  "version": 1
}
