{
  "pins" : [
    {
      "identity" : "hebcal-swift",
      "kind" : "remoteSourceControl",
      "location" : "https://github.com/hebcal/hebcal-swift.git",
      "state" : {
        "branch" : "main",
        "revision" : "afb98728a8583cd4402303b4fa8b4ee258378844"
      }
    }
  ],
  "version" : 2
}
