{
  "object": {
    "pins": [
      {
        "package": "Hebcal",
        "repositoryURL": "https://github.com/hebcal/hebcal-swift.git",
        "state": {
          "branch": "main",
          "revision": "72e471e100923690283a20b63bf8e597c11b0332",
          "version": null
        }
      }
    ]
  },
  "version": 1
}
